
Microsoft Visual Studio Solution File, Format Version 12.00
# Visual Studio Version 17
VisualStudioVersion = 17.3.32901.215
MinimumVisualStudioVersion = 10.0.40219.1
Project("{9A19103F-16F7-4668-BE54-9A1E7A4F7556}") = "Nutri.Wpf", "Nutri.Wpf\Nutri.Wpf.csproj", "{B5DDA275-201D-449F-A739-58A0CB554ACA}"
EndProject
Project("{9A19103F-16F7-4668-BE54-9A1E7A4F7556}") = "Nutri.Domain", "Nutri.Domain\Nutri.Domain.csproj", "{61653A9D-7AD4-4EB5-898D-D859094B5A9C}"
EndProject
Global
	GlobalSection(SolutionConfigurationPlatforms) = preSolution
		Debug|Any CPU = Debug|Any CPU
		Release|Any CPU = Release|Any CPU
	EndGlobalSection
	GlobalSection(ProjectConfigurationPlatforms) = postSolution
		{B5DDA275-201D-449F-A739-58A0CB554ACA}.Debug|Any CPU.ActiveCfg = Debug|Any CPU
		{B5DDA275-201D-449F-A739-58A0CB554ACA}.Debug|Any CPU.Build.0 = Debug|Any CPU
		{B5DDA275-201D-449F-A739-58A0CB554ACA}.Release|Any CPU.ActiveCfg = Release|Any CPU
		{B5DDA275-201D-449F-A739-58A0CB554ACA}.Release|Any CPU.Build.0 = Release|Any CPU
		{61653A9D-7AD4-4EB5-898D-D859094B5A9C}.Debug|Any CPU.ActiveCfg = Debug|Any CPU
		{61653A9D-7AD4-4EB5-898D-D859094B5A9C}.Debug|Any CPU.Build.0 = Debug|Any CPU
		{61653A9D-7AD4-4EB5-898D-D859094B5A9C}.Release|Any CPU.ActiveCfg = Release|Any CPU
		{61653A9D-7AD4-4EB5-898D-D859094B5A9C}.Release|Any CPU.Build.0 = Release|Any CPU
	EndGlobalSection
	GlobalSection(SolutionProperties) = preSolution
		HideSolutionNode = FALSE
	EndGlobalSection
	GlobalSection(ExtensibilityGlobals) = postSolution
		SolutionGuid = {B9E0F157-0924-4C65-8069-D30F1D8AD75F}
	EndGlobalSection
EndGlobal
